
Microsoft Visual Studio Solution File, Format Version 12.00
# Visual Studio Version 17
VisualStudioVersion = 17.9.34616.47
MinimumVisualStudioVersion = 10.0.40219.1
Project("{8BC9CEB8-8B4A-11D0-8D11-00A0C91BC942}") = "COSC1436-Chapter8-Arrays", "COSC1436-Chapter8-Arrays\COSC1436-Chapter8-Arrays.vcxproj", "{6AB89ECA-4DE4-4C78-AF3C-0A473FDA549D}"
EndProject
Project("{8BC9CEB8-8B4A-11D0-8D11-00A0C91BC942}") = "April18=parit2", "April18=parit2\April18=parit2.vcxproj", "{A242A782-5E7B-43EA-9412-25723456F2AB}"
EndProject
Project("{8BC9CEB8-8B4A-11D0-8D11-00A0C91BC942}") = "April18-readingInAndSTORINGADictionary", "April18-readingInAndSTORINGADictionary\April18-readingInAndSTORINGADictionary.vcxproj", "{61AE64E1-3E64-4840-9136-B8E2DCFCC87D}"
EndProject
Project("{8BC9CEB8-8B4A-11D0-8D11-00A0C91BC942}") = "April23-continuingArrays", "April23-continuingArrays\April23-continuingArrays.vcxproj", "{8E5216A1-4F5E-4FEC-AF9F-3AAFC1F0DAD2}"
EndProject
Project("{8BC9CEB8-8B4A-11D0-8D11-00A0C91BC942}") = "April23-part2", "April23-part2\April23-part2.vcxproj", "{FB9E8A9B-CA90-4917-ABB6-84A73A25C041}"
EndProject
Project("{8BC9CEB8-8B4A-11D0-8D11-00A0C91BC942}") = "April25", "April25\April25.vcxproj", "{4459E278-E41C-4011-BE4C-CC14D88AFFFE}"
EndProject
Project("{8BC9CEB8-8B4A-11D0-8D11-00A0C91BC942}") = "April25-part2-2Darrrays", "April25-part2-2Darrrays\April25-part2-2Darrrays.vcxproj", "{931B3060-C44B-4C1C-83D8-E70E31B76FF1}"
EndProject
Global
	GlobalSection(SolutionConfigurationPlatforms) = preSolution
		Debug|x64 = Debug|x64
		Debug|x86 = Debug|x86
		Release|x64 = Release|x64
		Release|x86 = Release|x86
	EndGlobalSection
	GlobalSection(ProjectConfigurationPlatforms) = postSolution
		{6AB89ECA-4DE4-4C78-AF3C-0A473FDA549D}.Debug|x64.ActiveCfg = Debug|x64
		{6AB89ECA-4DE4-4C78-AF3C-0A473FDA549D}.Debug|x64.Build.0 = Debug|x64
		{6AB89ECA-4DE4-4C78-AF3C-0A473FDA549D}.Debug|x86.ActiveCfg = Debug|Win32
		{6AB89ECA-4DE4-4C78-AF3C-0A473FDA549D}.Debug|x86.Build.0 = Debug|Win32
		{6AB89ECA-4DE4-4C78-AF3C-0A473FDA549D}.Release|x64.ActiveCfg = Release|x64
		{6AB89ECA-4DE4-4C78-AF3C-0A473FDA549D}.Release|x64.Build.0 = Release|x64
		{6AB89ECA-4DE4-4C78-AF3C-0A473FDA549D}.Release|x86.ActiveCfg = Release|Win32
		{6AB89ECA-4DE4-4C78-AF3C-0A473FDA549D}.Release|x86.Build.0 = Release|Win32
		{A242A782-5E7B-43EA-9412-25723456F2AB}.Debug|x64.ActiveCfg = Debug|x64
		{A242A782-5E7B-43EA-9412-25723456F2AB}.Debug|x64.Build.0 = Debug|x64
		{A242A782-5E7B-43EA-9412-25723456F2AB}.Debug|x86.ActiveCfg = Debug|Win32
		{A242A782-5E7B-43EA-9412-25723456F2AB}.Debug|x86.Build.0 = Debug|Win32
		{A242A782-5E7B-43EA-9412-25723456F2AB}.Release|x64.ActiveCfg = Release|x64
		{A242A782-5E7B-43EA-9412-25723456F2AB}.Release|x64.Build.0 = Release|x64
		{A242A782-5E7B-43EA-9412-25723456F2AB}.Release|x86.ActiveCfg = Release|Win32
		{A242A782-5E7B-43EA-9412-25723456F2AB}.Release|x86.Build.0 = Release|Win32
		{61AE64E1-3E64-4840-9136-B8E2DCFCC87D}.Debug|x64.ActiveCfg = Debug|x64
		{61AE64E1-3E64-4840-9136-B8E2DCFCC87D}.Debug|x64.Build.0 = Debug|x64
		{61AE64E1-3E64-4840-9136-B8E2DCFCC87D}.Debug|x86.ActiveCfg = Debug|Win32
		{61AE64E1-3E64-4840-9136-B8E2DCFCC87D}.Debug|x86.Build.0 = Debug|Win32
		{61AE64E1-3E64-4840-9136-B8E2DCFCC87D}.Release|x64.ActiveCfg = Release|x64
		{61AE64E1-3E64-4840-9136-B8E2DCFCC87D}.Release|x64.Build.0 = Release|x64
		{61AE64E1-3E64-4840-9136-B8E2DCFCC87D}.Release|x86.ActiveCfg = Release|Win32
		{61AE64E1-3E64-4840-9136-B8E2DCFCC87D}.Release|x86.Build.0 = Release|Win32
		{8E5216A1-4F5E-4FEC-AF9F-3AAFC1F0DAD2}.Debug|x64.ActiveCfg = Debug|x64
		{8E5216A1-4F5E-4FEC-AF9F-3AAFC1F0DAD2}.Debug|x64.Build.0 = Debug|x64
		{8E5216A1-4F5E-4FEC-AF9F-3AAFC1F0DAD2}.Debug|x86.ActiveCfg = Debug|Win32
		{8E5216A1-4F5E-4FEC-AF9F-3AAFC1F0DAD2}.Debug|x86.Build.0 = Debug|Win32
		{8E5216A1-4F5E-4FEC-AF9F-3AAFC1F0DAD2}.Release|x64.ActiveCfg = Release|x64
		{8E5216A1-4F5E-4FEC-AF9F-3AAFC1F0DAD2}.Release|x64.Build.0 = Release|x64
		{8E5216A1-4F5E-4FEC-AF9F-3AAFC1F0DAD2}.Release|x86.ActiveCfg = Release|Win32
		{8E5216A1-4F5E-4FEC-AF9F-3AAFC1F0DAD2}.Release|x86.Build.0 = Release|Win32
		{FB9E8A9B-CA90-4917-ABB6-84A73A25C041}.Debug|x64.ActiveCfg = Debug|x64
		{FB9E8A9B-CA90-4917-ABB6-84A73A25C041}.Debug|x64.Build.0 = Debug|x64
		{FB9E8A9B-CA90-4917-ABB6-84A73A25C041}.Debug|x86.ActiveCfg = Debug|Win32
		{FB9E8A9B-CA90-4917-ABB6-84A73A25C041}.Debug|x86.Build.0 = Debug|Win32
		{FB9E8A9B-CA90-4917-ABB6-84A73A25C041}.Release|x64.ActiveCfg = Release|x64
		{FB9E8A9B-CA90-4917-ABB6-84A73A25C041}.Release|x64.Build.0 = Release|x64
		{FB9E8A9B-CA90-4917-ABB6-84A73A25C041}.Release|x86.ActiveCfg = Release|Win32
		{FB9E8A9B-CA90-4917-ABB6-84A73A25C041}.Release|x86.Build.0 = Release|Win32
		{4459E278-E41C-4011-BE4C-CC14D88AFFFE}.Debug|x64.ActiveCfg = Debug|x64
		{4459E278-E41C-4011-BE4C-CC14D88AFFFE}.Debug|x64.Build.0 = Debug|x64
		{4459E278-E41C-4011-BE4C-CC14D88AFFFE}.Debug|x86.ActiveCfg = Debug|Win32
		{4459E278-E41C-4011-BE4C-CC14D88AFFFE}.Debug|x86.Build.0 = Debug|Win32
		{4459E278-E41C-4011-BE4C-CC14D88AFFFE}.Release|x64.ActiveCfg = Release|x64
		{4459E278-E41C-4011-BE4C-CC14D88AFFFE}.Release|x64.Build.0 = Release|x64
		{4459E278-E41C-4011-BE4C-CC14D88AFFFE}.Release|x86.ActiveCfg = Release|Win32
		{4459E278-E41C-4011-BE4C-CC14D88AFFFE}.Release|x86.Build.0 = Release|Win32
		{931B3060-C44B-4C1C-83D8-E70E31B76FF1}.Debug|x64.ActiveCfg = Debug|x64
		{931B3060-C44B-4C1C-83D8-E70E31B76FF1}.Debug|x64.Build.0 = Debug|x64
		{931B3060-C44B-4C1C-83D8-E70E31B76FF1}.Debug|x86.ActiveCfg = Debug|Win32
		{931B3060-C44B-4C1C-83D8-E70E31B76FF1}.Debug|x86.Build.0 = Debug|Win32
		{931B3060-C44B-4C1C-83D8-E70E31B76FF1}.Release|x64.ActiveCfg = Release|x64
		{931B3060-C44B-4C1C-83D8-E70E31B76FF1}.Release|x64.Build.0 = Release|x64
		{931B3060-C44B-4C1C-83D8-E70E31B76FF1}.Release|x86.ActiveCfg = Release|Win32
		{931B3060-C44B-4C1C-83D8-E70E31B76FF1}.Release|x86.Build.0 = Release|Win32
	EndGlobalSection
	GlobalSection(SolutionProperties) = preSolution
		HideSolutionNode = FALSE
	EndGlobalSection
	GlobalSection(ExtensibilityGlobals) = postSolution
		SolutionGuid = {EBA1E582-B75F-45F3-BBF8-AEA28C8E8B7D}
	EndGlobalSection
EndGlobal
